
Microsoft Visual Studio Solution File, Format Version 12.00
# Visual Studio Version 16
VisualStudioVersion = 16.0.29324.140
MinimumVisualStudioVersion = 10.0.40219.1
Project("{FAE04EC0-301F-11D3-BF4B-00C04F79EFBC}") = "Exceptions", "Exceptions\Exceptions.csproj", "{98459ED0-7BA4-48D3-A49A-87C8227A4A9B}"
EndProject
Project("{FAE04EC0-301F-11D3-BF4B-00C04F79EFBC}") = "DAY3", "DAY3\DAY3.csproj", "{8FA581D7-F21A-490E-B1F1-9BF2D83C6098}"
EndProject
Project("{FAE04EC0-301F-11D3-BF4B-00C04F79EFBC}") = "DAY4_ABSTRACTION", "DAY4_ABSTRACTION\DAY4_ABSTRACTION.csproj", "{7DA41B47-3415-44D4-8173-2297741DA580}"
EndProject
Project("{FAE04EC0-301F-11D3-BF4B-00C04F79EFBC}") = "ConsoleHelper", "ConsoleHelper\ConsoleHelper.csproj", "{1CB27303-DE8B-4839-810B-E491B1D968D0}"
EndProject
Project("{FAE04EC0-301F-11D3-BF4B-00C04F79EFBC}") = "Blackjack", "Blackjack\Blackjack.csproj", "{0329FC79-EC3F-4307-AA01-FE1D8BF002BC}"
EndProject
Project("{2150E333-8FDC-42A3-9474-1A3956D46DE8}") = "Web Samples", "Web Samples", "{E9C3C8F7-A7C1-4540-AC5A-BCEF50E332C6}"
	ProjectSection(SolutionItems) = preProject
		ads.html = ads.html
		Index.html = Index.html
		javascriptsample.html = javascriptsample.html
		script.js = script.js
		shop.html = shop.html
		style.css = style.css
	EndProjectSection
EndProject
Project("{FAE04EC0-301F-11D3-BF4B-00C04F79EFBC}") = "WebShop.logic", "WebShop.logic\WebShop.logic.csproj", "{BB6D0ED2-73EB-42DF-88F9-B4E12D48663C}"
EndProject
Project("{FAE04EC0-301F-11D3-BF4B-00C04F79EFBC}") = "WebShop.logic.Tests", "WebShop.logic.Tests\WebShop.logic.Tests.csproj", "{D130D5D4-7945-44F6-9ACE-8B77D7EDA27E}"
EndProject
Project("{FAE04EC0-301F-11D3-BF4B-00C04F79EFBC}") = "LogicSample", "LogicSample\LogicSample.csproj", "{0EEBFB73-870E-4EFB-878B-934670724A43}"
EndProject
Project("{FAE04EC0-301F-11D3-BF4B-00C04F79EFBC}") = "LogicSample.Tests", "LogicSample.Tests\LogicSample.Tests.csproj", "{A4C0BE16-E0E4-4439-84D5-FA80EBD243C7}"
EndProject
Project("{9A19103F-16F7-4668-BE54-9A1E7A4F7556}") = "WebSample", "WebSample\WebSample.csproj", "{14B08B1F-AE6A-44DB-BCB1-CFA04984EFC5}"
EndProject
Project("{9A19103F-16F7-4668-BE54-9A1E7A4F7556}") = "WebShop", "WebShop\WebShop.csproj", "{615AA169-E0D1-47DE-82ED-E2B7289BBA35}"
EndProject
Project("{9A19103F-16F7-4668-BE54-9A1E7A4F7556}") = "Advertisements", "Advertisements\Advertisements.csproj", "{6F7F76A8-C8F9-4406-BF09-A935A953677D}"
EndProject
Project("{9A19103F-16F7-4668-BE54-9A1E7A4F7556}") = "Advertisements.Logic", "Advertisements.Logic\Advertisements.Logic.csproj", "{5BB257EC-F620-4F20-97F1-D12A0F18F1C0}"
EndProject
Project("{9A19103F-16F7-4668-BE54-9A1E7A4F7556}") = "NewsPortal.Logic", "..\NewsPortal.Logic\NewsPortal.Logic.csproj", "{CF1CE002-A7DB-489D-85BB-6C66C104B1C5}"
EndProject
Project("{9A19103F-16F7-4668-BE54-9A1E7A4F7556}") = "NewsPortal", "..\NewsPortal\NewsPortal.csproj", "{66B29D38-5FF2-47EF-B4F3-9DBCE124B5AE}"
EndProject
Global
	GlobalSection(SolutionConfigurationPlatforms) = preSolution
		Debug|Any CPU = Debug|Any CPU
		Release|Any CPU = Release|Any CPU
	EndGlobalSection
	GlobalSection(ProjectConfigurationPlatforms) = postSolution
		{98459ED0-7BA4-48D3-A49A-87C8227A4A9B}.Debug|Any CPU.ActiveCfg = Debug|Any CPU
		{98459ED0-7BA4-48D3-A49A-87C8227A4A9B}.Debug|Any CPU.Build.0 = Debug|Any CPU
		{98459ED0-7BA4-48D3-A49A-87C8227A4A9B}.Release|Any CPU.ActiveCfg = Release|Any CPU
		{98459ED0-7BA4-48D3-A49A-87C8227A4A9B}.Release|Any CPU.Build.0 = Release|Any CPU
		{8FA581D7-F21A-490E-B1F1-9BF2D83C6098}.Debug|Any CPU.ActiveCfg = Debug|Any CPU
		{8FA581D7-F21A-490E-B1F1-9BF2D83C6098}.Debug|Any CPU.Build.0 = Debug|Any CPU
		{8FA581D7-F21A-490E-B1F1-9BF2D83C6098}.Release|Any CPU.ActiveCfg = Release|Any CPU
		{8FA581D7-F21A-490E-B1F1-9BF2D83C6098}.Release|Any CPU.Build.0 = Release|Any CPU
		{7DA41B47-3415-44D4-8173-2297741DA580}.Debug|Any CPU.ActiveCfg = Debug|Any CPU
		{7DA41B47-3415-44D4-8173-2297741DA580}.Debug|Any CPU.Build.0 = Debug|Any CPU
		{7DA41B47-3415-44D4-8173-2297741DA580}.Release|Any CPU.ActiveCfg = Release|Any CPU
		{7DA41B47-3415-44D4-8173-2297741DA580}.Release|Any CPU.Build.0 = Release|Any CPU
		{1CB27303-DE8B-4839-810B-E491B1D968D0}.Debug|Any CPU.ActiveCfg = Debug|Any CPU
		{1CB27303-DE8B-4839-810B-E491B1D968D0}.Debug|Any CPU.Build.0 = Debug|Any CPU
		{1CB27303-DE8B-4839-810B-E491B1D968D0}.Release|Any CPU.ActiveCfg = Release|Any CPU
		{1CB27303-DE8B-4839-810B-E491B1D968D0}.Release|Any CPU.Build.0 = Release|Any CPU
		{0329FC79-EC3F-4307-AA01-FE1D8BF002BC}.Debug|Any CPU.ActiveCfg = Debug|Any CPU
		{0329FC79-EC3F-4307-AA01-FE1D8BF002BC}.Debug|Any CPU.Build.0 = Debug|Any CPU
		{0329FC79-EC3F-4307-AA01-FE1D8BF002BC}.Release|Any CPU.ActiveCfg = Release|Any CPU
		{0329FC79-EC3F-4307-AA01-FE1D8BF002BC}.Release|Any CPU.Build.0 = Release|Any CPU
		{BB6D0ED2-73EB-42DF-88F9-B4E12D48663C}.Debug|Any CPU.ActiveCfg = Debug|Any CPU
		{BB6D0ED2-73EB-42DF-88F9-B4E12D48663C}.Debug|Any CPU.Build.0 = Debug|Any CPU
		{BB6D0ED2-73EB-42DF-88F9-B4E12D48663C}.Release|Any CPU.ActiveCfg = Release|Any CPU
		{BB6D0ED2-73EB-42DF-88F9-B4E12D48663C}.Release|Any CPU.Build.0 = Release|Any CPU
		{D130D5D4-7945-44F6-9ACE-8B77D7EDA27E}.Debug|Any CPU.ActiveCfg = Debug|Any CPU
		{D130D5D4-7945-44F6-9ACE-8B77D7EDA27E}.Debug|Any CPU.Build.0 = Debug|Any CPU
		{D130D5D4-7945-44F6-9ACE-8B77D7EDA27E}.Release|Any CPU.ActiveCfg = Release|Any CPU
		{D130D5D4-7945-44F6-9ACE-8B77D7EDA27E}.Release|Any CPU.Build.0 = Release|Any CPU
		{0EEBFB73-870E-4EFB-878B-934670724A43}.Debug|Any CPU.ActiveCfg = Debug|Any CPU
		{0EEBFB73-870E-4EFB-878B-934670724A43}.Debug|Any CPU.Build.0 = Debug|Any CPU
		{0EEBFB73-870E-4EFB-878B-934670724A43}.Release|Any CPU.ActiveCfg = Release|Any CPU
		{0EEBFB73-870E-4EFB-878B-934670724A43}.Release|Any CPU.Build.0 = Release|Any CPU
		{A4C0BE16-E0E4-4439-84D5-FA80EBD243C7}.Debug|Any CPU.ActiveCfg = Debug|Any CPU
		{A4C0BE16-E0E4-4439-84D5-FA80EBD243C7}.Debug|Any CPU.Build.0 = Debug|Any CPU
		{A4C0BE16-E0E4-4439-84D5-FA80EBD243C7}.Release|Any CPU.ActiveCfg = Release|Any CPU
		{A4C0BE16-E0E4-4439-84D5-FA80EBD243C7}.Release|Any CPU.Build.0 = Release|Any CPU
		{14B08B1F-AE6A-44DB-BCB1-CFA04984EFC5}.Debug|Any CPU.ActiveCfg = Debug|Any CPU
		{14B08B1F-AE6A-44DB-BCB1-CFA04984EFC5}.Debug|Any CPU.Build.0 = Debug|Any CPU
		{14B08B1F-AE6A-44DB-BCB1-CFA04984EFC5}.Release|Any CPU.ActiveCfg = Release|Any CPU
		{14B08B1F-AE6A-44DB-BCB1-CFA04984EFC5}.Release|Any CPU.Build.0 = Release|Any CPU
		{615AA169-E0D1-47DE-82ED-E2B7289BBA35}.Debug|Any CPU.ActiveCfg = Debug|Any CPU
		{615AA169-E0D1-47DE-82ED-E2B7289BBA35}.Debug|Any CPU.Build.0 = Debug|Any CPU
		{615AA169-E0D1-47DE-82ED-E2B7289BBA35}.Release|Any CPU.ActiveCfg = Release|Any CPU
		{615AA169-E0D1-47DE-82ED-E2B7289BBA35}.Release|Any CPU.Build.0 = Release|Any CPU
		{6F7F76A8-C8F9-4406-BF09-A935A953677D}.Debug|Any CPU.ActiveCfg = Debug|Any CPU
		{6F7F76A8-C8F9-4406-BF09-A935A953677D}.Debug|Any CPU.Build.0 = Debug|Any CPU
		{6F7F76A8-C8F9-4406-BF09-A935A953677D}.Release|Any CPU.ActiveCfg = Release|Any CPU
		{6F7F76A8-C8F9-4406-BF09-A935A953677D}.Release|Any CPU.Build.0 = Release|Any CPU
		{5BB257EC-F620-4F20-97F1-D12A0F18F1C0}.Debug|Any CPU.ActiveCfg = Debug|Any CPU
		{5BB257EC-F620-4F20-97F1-D12A0F18F1C0}.Debug|Any CPU.Build.0 = Debug|Any CPU
		{5BB257EC-F620-4F20-97F1-D12A0F18F1C0}.Release|Any CPU.ActiveCfg = Release|Any CPU
		{5BB257EC-F620-4F20-97F1-D12A0F18F1C0}.Release|Any CPU.Build.0 = Release|Any CPU
		{CF1CE002-A7DB-489D-85BB-6C66C104B1C5}.Debug|Any CPU.ActiveCfg = Debug|Any CPU
		{CF1CE002-A7DB-489D-85BB-6C66C104B1C5}.Debug|Any CPU.Build.0 = Debug|Any CPU
		{CF1CE002-A7DB-489D-85BB-6C66C104B1C5}.Release|Any CPU.ActiveCfg = Release|Any CPU
		{CF1CE002-A7DB-489D-85BB-6C66C104B1C5}.Release|Any CPU.Build.0 = Release|Any CPU
		{66B29D38-5FF2-47EF-B4F3-9DBCE124B5AE}.Debug|Any CPU.ActiveCfg = Debug|Any CPU
		{66B29D38-5FF2-47EF-B4F3-9DBCE124B5AE}.Debug|Any CPU.Build.0 = Debug|Any CPU
		{66B29D38-5FF2-47EF-B4F3-9DBCE124B5AE}.Release|Any CPU.ActiveCfg = Release|Any CPU
		{66B29D38-5FF2-47EF-B4F3-9DBCE124B5AE}.Release|Any CPU.Build.0 = Release|Any CPU
	EndGlobalSection
	GlobalSection(SolutionProperties) = preSolution
		HideSolutionNode = FALSE
	EndGlobalSection
	GlobalSection(ExtensibilityGlobals) = postSolution
		SolutionGuid = {10D3EBB7-0A9B-40D4-9ECA-139AC61C0C2B}
	EndGlobalSection
EndGlobal
